
Microsoft Visual Studio Solution File, Format Version 12.00
# Visual Studio Version 16
VisualStudioVersion = 16.0.30330.147
MinimumVisualStudioVersion = 10.0.40219.1
Project("{FAE04EC0-301F-11D3-BF4B-00C04F79EFBC}") = "UBootTool", "UBootTool.csproj", "{DEB61EA8-B23D-405D-A5E1-FC2A83F0592F}"
EndProject
Global
	GlobalSection(SolutionConfigurationPlatforms) = preSolution
		Debug|Any CPU = Debug|Any CPU
		Release|Any CPU = Release|Any CPU
	EndGlobalSection
	GlobalSection(ProjectConfigurationPlatforms) = postSolution
		{DEB61EA8-B23D-405D-A5E1-FC2A83F0592F}.Debug|Any CPU.ActiveCfg = Debug|Any CPU
		{DEB61EA8-B23D-405D-A5E1-FC2A83F0592F}.Debug|Any CPU.Build.0 = Debug|Any CPU
		{DEB61EA8-B23D-405D-A5E1-FC2A83F0592F}.Release|Any CPU.ActiveCfg = Release|Any CPU
		{DEB61EA8-B23D-405D-A5E1-FC2A83F0592F}.Release|Any CPU.Build.0 = Release|Any CPU
	EndGlobalSection
	GlobalSection(SolutionProperties) = preSolution
		HideSolutionNode = FALSE
	EndGlobalSection
	GlobalSection(ExtensibilityGlobals) = postSolution
		SolutionGuid = {B9856AED-BD74-46C5-B53E-0F8488CE9680}
	EndGlobalSection
EndGlobal
